
Microsoft Visual Studio Solution File, Format Version 12.00
# Visual Studio Version 17
VisualStudioVersion = 17.3.32825.248
MinimumVisualStudioVersion = 10.0.40219.1
Project("{FAE04EC0-301F-11D3-BF4B-00C04F79EFBC}") = "Exec_DecalreClassMembers", "Exec_DecalreClassMembers\Exec_DecalreClassMembers.csproj", "{59994E60-5F9F-4E87-89BF-EB32B97C1540}"
EndProject
Global
	GlobalSection(SolutionConfigurationPlatforms) = preSolution
		Debug|Any CPU = Debug|Any CPU
		Release|Any CPU = Release|Any CPU
	EndGlobalSection
	GlobalSection(ProjectConfigurationPlatforms) = postSolution
		{59994E60-5F9F-4E87-89BF-EB32B97C1540}.Debug|Any CPU.ActiveCfg = Debug|Any CPU
		{59994E60-5F9F-4E87-89BF-EB32B97C1540}.Debug|Any CPU.Build.0 = Debug|Any CPU
		{59994E60-5F9F-4E87-89BF-EB32B97C1540}.Release|Any CPU.ActiveCfg = Release|Any CPU
		{59994E60-5F9F-4E87-89BF-EB32B97C1540}.Release|Any CPU.Build.0 = Release|Any CPU
	EndGlobalSection
	GlobalSection(SolutionProperties) = preSolution
		HideSolutionNode = FALSE
	EndGlobalSection
	GlobalSection(ExtensibilityGlobals) = postSolution
		SolutionGuid = {5A0C4AA6-6E2E-4FCE-AAE8-7E58B1ADFBF1}
	EndGlobalSection
EndGlobal
